// !$*UTF8*$!
{
	archiveVersion = 1;
	classes = {
	};
	objectVersion = 48;
	objects = {

/* Begin PBXBuildFile section */
		7A4BB2F0223FF703000D6188 /* AppDelegate.swift in Sources */ = {isa = PBXBuildFile; fileRef = 7A4BB2EF223FF703000D6188 /* AppDelegate.swift */; };
		7A4BB2F5223FF703000D6188 /* Main.storyboard in Resources */ = {isa = PBXBuildFile; fileRef = 7A4BB2F3223FF703000D6188 /* Main.storyboard */; };
		7A4BB2F7223FF703000D6188 /* Assets.xcassets in Resources */ = {isa = PBXBuildFile; fileRef = 7A4BB2F6223FF703000D6188 /* Assets.xcassets */; };
		7A4BB2FA223FF703000D6188 /* LaunchScreen.storyboard in Resources */ = {isa = PBXBuildFile; fileRef = 7A4BB2F8223FF703000D6188 /* LaunchScreen.storyboard */; };
		7A60C0A9223FFA62002931FE /* ItemsViewController.swift in Sources */ = {isa = PBXBuildFile; fileRef = 7A60C0A8223FFA62002931FE /* ItemsViewController.swift */; };
		7A60C0AB223FFB70002931FE /* Item.swift in Sources */ = {isa = PBXBuildFile; fileRef = 7A60C0AA223FFB70002931FE /* Item.swift */; };
		7A60C0AD223FFF27002931FE /* ItemStore.swift in Sources */ = {isa = PBXBuildFile; fileRef = 7A60C0AC223FFF27002931FE /* ItemStore.swift */; };
		7AC6FB2922516BAC0031EBE8 /* DetailViewController.swift in Sources */ = {isa = PBXBuildFile; fileRef = 7AC6FB2822516BAC0031EBE8 /* DetailViewController.swift */; };
		7AC6FB2B225173470031EBE8 /* CustomTextField.swift in Sources */ = {isa = PBXBuildFile; fileRef = 7AC6FB2A225173470031EBE8 /* CustomTextField.swift */; };
		7AC6FB2D225173AC0031EBE8 /* DateCreatedViewController.swift in Sources */ = {isa = PBXBuildFile; fileRef = 7AC6FB2C225173AC0031EBE8 /* DateCreatedViewController.swift */; };
		7AF1ABC02242A9D0003EFE37 /* ItemCell.swift in Sources */ = {isa = PBXBuildFile; fileRef = 7AF1ABBF2242A9D0003EFE37 /* ItemCell.swift */; };
		7AF1ABC22242AF12003EFE37 /* welcome.jpg in Resources */ = {isa = PBXBuildFile; fileRef = 7AF1ABC12242AF12003EFE37 /* welcome.jpg */; };
/* End PBXBuildFile section */

/* Begin PBXFileReference section */
		7A4BB2EC223FF703000D6188 /* HomePwner.app */ = {isa = PBXFileReference; explicitFileType = wrapper.application; includeInIndex = 0; path = HomePwner.app; sourceTree = BUILT_PRODUCTS_DIR; };
		7A4BB2EF223FF703000D6188 /* AppDelegate.swift */ = {isa = PBXFileReference; lastKnownFileType = sourcecode.swift; path = AppDelegate.swift; sourceTree = "<group>"; };
		7A4BB2F4223FF703000D6188 /* Base */ = {isa = PBXFileReference; lastKnownFileType = file.storyboard; name = Base; path = Base.lproj/Main.storyboard; sourceTree = "<group>"; };
		7A4BB2F6223FF703000D6188 /* Assets.xcassets */ = {isa = PBXFileReference; lastKnownFileType = folder.assetcatalog; path = Assets.xcassets; sourceTree = "<group>"; };
		7A4BB2F9223FF703000D6188 /* Base */ = {isa = PBXFileReference; lastKnownFileType = file.storyboard; name = Base; path = Base.lproj/LaunchScreen.storyboard; sourceTree = "<group>"; };
		7A4BB2FB223FF703000D6188 /* Info.plist */ = {isa = PBXFileReference; lastKnownFileType = text.plist.xml; path = Info.plist; sourceTree = "<group>"; };
		7A60C0A8223FFA62002931FE /* ItemsViewController.swift */ = {isa = PBXFileReference; lastKnownFileType = sourcecode.swift; path = ItemsViewController.swift; sourceTree = "<group>"; };
		7A60C0AA223FFB70002931FE /* Item.swift */ = {isa = PBXFileReference; lastKnownFileType = sourcecode.swift; path = Item.swift; sourceTree = "<group>"; };
		7A60C0AC223FFF27002931FE /* ItemStore.swift */ = {isa = PBXFileReference; lastKnownFileType = sourcecode.swift; path = ItemStore.swift; sourceTree = "<group>"; };
		7AC6FB2822516BAC0031EBE8 /* DetailViewController.swift */ = {isa = PBXFileReference; lastKnownFileType = sourcecode.swift; path = DetailViewController.swift; sourceTree = "<group>"; };
		7AC6FB2A225173470031EBE8 /* CustomTextField.swift */ = {isa = PBXFileReference; lastKnownFileType = sourcecode.swift; path = CustomTextField.swift; sourceTree = "<group>"; };
		7AC6FB2C225173AC0031EBE8 /* DateCreatedViewController.swift */ = {isa = PBXFileReference; lastKnownFileType = sourcecode.swift; path = DateCreatedViewController.swift; sourceTree = "<group>"; };
		7AF1ABBF2242A9D0003EFE37 /* ItemCell.swift */ = {isa = PBXFileReference; lastKnownFileType = sourcecode.swift; path = ItemCell.swift; sourceTree = "<group>"; };
		7AF1ABC12242AF12003EFE37 /* welcome.jpg */ = {isa = PBXFileReference; lastKnownFileType = image.jpeg; path = welcome.jpg; sourceTree = "<group>"; };
/* End PBXFileReference section */

/* Begin PBXFrameworksBuildPhase section */
		7A4BB2E9223FF703000D6188 /* Frameworks */ = {
			isa = PBXFrameworksBuildPhase;
			buildActionMask = 2147483647;
			files = (
			);
			runOnlyForDeploymentPostprocessing = 0;
		};
/* End PBXFrameworksBuildPhase section */

/* Begin PBXGroup section */
		7A4BB2E3223FF703000D6188 = {
			isa = PBXGroup;
			children = (
				7A4BB2EE223FF703000D6188 /* HomePwner */,
				7A4BB2ED223FF703000D6188 /* Products */,
			);
			sourceTree = "<group>";
		};
		7A4BB2ED223FF703000D6188 /* Products */ = {
			isa = PBXGroup;
			children = (
				7A4BB2EC223FF703000D6188 /* HomePwner.app */,
			);
			name = Products;
			sourceTree = "<group>";
		};
		7A4BB2EE223FF703000D6188 /* HomePwner */ = {
			isa = PBXGroup;
			children = (
				7A4BB2EF223FF703000D6188 /* AppDelegate.swift */,
				7A60C0AA223FFB70002931FE /* Item.swift */,
				7AF1ABBF2242A9D0003EFE37 /* ItemCell.swift */,
				7A60C0AC223FFF27002931FE /* ItemStore.swift */,
				7AC6FB2A225173470031EBE8 /* CustomTextField.swift */,
				7A60C0A8223FFA62002931FE /* ItemsViewController.swift */,
				7AC6FB2822516BAC0031EBE8 /* DetailViewController.swift */,
				7AC6FB2C225173AC0031EBE8 /* DateCreatedViewController.swift */,
				7A4BB2F3223FF703000D6188 /* Main.storyboard */,
				7A4BB2F6223FF703000D6188 /* Assets.xcassets */,
				7AF1ABC12242AF12003EFE37 /* welcome.jpg */,
				7A4BB2F8223FF703000D6188 /* LaunchScreen.storyboard */,
				7A4BB2FB223FF703000D6188 /* Info.plist */,
			);
			path = HomePwner;
			sourceTree = "<group>";
		};
/* End PBXGroup section */

/* Begin PBXNativeTarget section */
		7A4BB2EB223FF703000D6188 /* HomePwner */ = {
			isa = PBXNativeTarget;
			buildConfigurationList = 7A4BB2FE223FF703000D6188 /* Build configuration list for PBXNativeTarget "HomePwner" */;
			buildPhases = (
				7A4BB2E8223FF703000D6188 /* Sources */,
				7A4BB2E9223FF703000D6188 /* Frameworks */,
				7A4BB2EA223FF703000D6188 /* Resources */,
			);
			buildRules = (
			);
			dependencies = (
			);
			name = HomePwner;
			productName = HomePwner;
			productReference = 7A4BB2EC223FF703000D6188 /* HomePwner.app */;
			productType = "com.apple.product-type.application";
		};
/* End PBXNativeTarget section */

/* Begin PBXProject section */
		7A4BB2E4223FF703000D6188 /* Project object */ = {
			isa = PBXProject;
			attributes = {
				LastSwiftUpdateCheck = 0920;
				LastUpgradeCheck = 0920;
				ORGANIZATIONNAME = "Tyler Percy";
				TargetAttributes = {
					7A4BB2EB223FF703000D6188 = {
						CreatedOnToolsVersion = 9.2;
						ProvisioningStyle = Automatic;
					};
				};
			};
			buildConfigurationList = 7A4BB2E7223FF703000D6188 /* Build configuration list for PBXProject "HomePwner" */;
			compatibilityVersion = "Xcode 8.0";
			developmentRegion = en;
			hasScannedForEncodings = 0;
			knownRegions = (
				en,
				Base,
			);
			mainGroup = 7A4BB2E3223FF703000D6188;
			productRefGroup = 7A4BB2ED223FF703000D6188 /* Products */;
			projectDirPath = "";
			projectRoot = "";
			targets = (
				7A4BB2EB223FF703000D6188 /* HomePwner */,
			);
		};
/* End PBXProject section */

/* Begin PBXResourcesBuildPhase section */
		7A4BB2EA223FF703000D6188 /* Resources */ = {
			isa = PBXResourcesBuildPhase;
			buildActionMask = 2147483647;
			files = (
				7A4BB2FA223FF703000D6188 /* LaunchScreen.storyboard in Resources */,
				7A4BB2F7223FF703000D6188 /* Assets.xcassets in Resources */,
				7AF1ABC22242AF12003EFE37 /* welcome.jpg in Resources */,
				7A4BB2F5223FF703000D6188 /* Main.storyboard in Resources */,
			);
			runOnlyForDeploymentPostprocessing = 0;
		};
/* End PBXResourcesBuildPhase section */

/* Begin PBXSourcesBuildPhase section */
		7A4BB2E8223FF703000D6188 /* Sources */ = {
			isa = PBXSourcesBuildPhase;
			buildActionMask = 2147483647;
			files = (
				7AC6FB2B225173470031EBE8 /* CustomTextField.swift in Sources */,
				7A60C0AB223FFB70002931FE /* Item.swift in Sources */,
				7A60C0A9223FFA62002931FE /* ItemsViewController.swift in Sources */,
				7A60C0AD223FFF27002931FE /* ItemStore.swift in Sources */,
				7AC6FB2922516BAC0031EBE8 /* DetailViewController.swift in Sources */,
				7A4BB2F0223FF703000D6188 /* AppDelegate.swift in Sources */,
				7AF1ABC02242A9D0003EFE37 /* ItemCell.swift in Sources */,
				7AC6FB2D225173AC0031EBE8 /* DateCreatedViewController.swift in Sources */,
			);
			runOnlyForDeploymentPostprocessing = 0;
		};
/* End PBXSourcesBuildPhase section */

/* Begin PBXVariantGroup section */
		7A4BB2F3223FF703000D6188 /* Main.storyboard */ = {
			isa = PBXVariantGroup;
			children = (
				7A4BB2F4223FF703000D6188 /* Base */,
			);
			name = Main.storyboard;
			sourceTree = "<group>";
		};
		7A4BB2F8223FF703000D6188 /* LaunchScreen.storyboard */ = {
			isa = PBXVariantGroup;
			children = (
				7A4BB2F9223FF703000D6188 /* Base */,
			);
			name = LaunchScreen.storyboard;
			sourceTree = "<group>";
		};
/* End PBXVariantGroup section */

/* Begin XCBuildConfiguration section */
		7A4BB2FC223FF703000D6188 /* Debug */ = {
			isa = XCBuildConfiguration;
			buildSettings = {
				ALWAYS_SEARCH_USER_PATHS = NO;
				CLANG_ANALYZER_NONNULL = YES;
				CLANG_ANALYZER_NUMBER_OBJECT_CONVERSION = YES_AGGRESSIVE;
				CLANG_CXX_LANGUAGE_STANDARD = "gnu++14";
				CLANG_CXX_LIBRARY = "libc++";
				CLANG_ENABLE_MODULES = YES;
				CLANG_ENABLE_OBJC_ARC = YES;
				CLANG_WARN_BLOCK_CAPTURE_AUTORELEASING = YES;
				CLANG_WARN_BOOL_CONVERSION = YES;
				CLANG_WARN_COMMA = YES;
				CLANG_WARN_CONSTANT_CONVERSION = YES;
				CLANG_WARN_DIRECT_OBJC_ISA_USAGE = YES_ERROR;
				CLANG_WARN_DOCUMENTATION_COMMENTS = YES;
				CLANG_WARN_EMPTY_BODY = YES;
				CLANG_WARN_ENUM_CONVERSION = YES;
				CLANG_WARN_INFINITE_RECURSION = YES;
				CLANG_WARN_INT_CONVERSION = YES;
				CLANG_WARN_NON_LITERAL_NULL_CONVERSION = YES;
				CLANG_WARN_OBJC_LITERAL_CONVERSION = YES;
				CLANG_WARN_OBJC_ROOT_CLASS = YES_ERROR;
				CLANG_WARN_RANGE_LOOP_ANALYSIS = YES;
				CLANG_WARN_STRICT_PROTOTYPES = YES;
				CLANG_WARN_SUSPICIOUS_MOVE = YES;
				CLANG_WARN_UNGUARDED_AVAILABILITY = YES_AGGRESSIVE;
				CLANG_WARN_UNREACHABLE_CODE = YES;
				CLANG_WARN__DUPLICATE_METHOD_MATCH = YES;
				CODE_SIGN_IDENTITY = "iPhone Developer";
				COPY_PHASE_STRIP = NO;
				DEBUG_INFORMATION_FORMAT = dwarf;
				ENABLE_STRICT_OBJC_MSGSEND = YES;
				ENABLE_TESTABILITY = YES;
				GCC_C_LANGUAGE_STANDARD = gnu11;
				GCC_DYNAMIC_NO_PIC = NO;
				GCC_NO_COMMON_BLOCKS = YES;
				GCC_OPTIMIZATION_LEVEL = 0;
				GCC_PREPROCESSOR_DEFINITIONS = (
					"DEBUG=1",
					"$(inherited)",
				);
				GCC_WARN_64_TO_32_BIT_CONVERSION = YES;
				GCC_WARN_ABOUT_RETURN_TYPE = YES_ERROR;
				GCC_WARN_UNDECLARED_SELECTOR = YES;
				GCC_WARN_UNINITIALIZED_AUTOS = YES_AGGRESSIVE;
				GCC_WARN_UNUSED_FUNCTION = YES;
				GCC_WARN_UNUSED_VARIABLE = YES;
				IPHONEOS_DEPLOYMENT_TARGET = 11.2;
				MTL_ENABLE_DEBUG_INFO = YES;
				ONLY_ACTIVE_ARCH = YES;
				SDKROOT = iphoneos;
				SWIFT_ACTIVE_COMPILATION_CONDITIONS = DEBUG;
				SWIFT_OPTIMIZATION_LEVEL = "-Onone";
			};
			name = Debug;
		};
		7A4BB2FD223FF703000D6188 /* Release */ = {
			isa = XCBuildConfiguration;
			buildSettings = {
				ALWAYS_SEARCH_USER_PATHS = NO;
				CLANG_ANALYZER_NONNULL = YES;
				CLANG_ANALYZER_NUMBER_OBJECT_CONVERSION = YES_AGGRESSIVE;
				CLANG_CXX_LANGUAGE_STANDARD = "gnu++14";
				CLANG_CXX_LIBRARY = "libc++";
				CLANG_ENABLE_MODULES = YES;
				CLANG_ENABLE_OBJC_ARC = YES;
				CLANG_WARN_BLOCK_CAPTURE_AUTORELEASING = YES;
				CLANG_WARN_BOOL_CONVERSION = YES;
				CLANG_WARN_COMMA = YES;
				CLANG_WARN_CONSTANT_CONVERSION = YES;
				CLANG_WARN_DIRECT_OBJC_ISA_USAGE = YES_ERROR;
				CLANG_WARN_DOCUMENTATION_COMMENTS = YES;
				CLANG_WARN_EMPTY_BODY = YES;
				CLANG_WARN_ENUM_CONVERSION = YES;
				CLANG_WARN_INFINITE_RECURSION = YES;
				CLANG_WARN_INT_CONVERSION = YES;
				CLANG_WARN_NON_LITERAL_NULL_CONVERSION = YES;
				CLANG_WARN_OBJC_LITERAL_CONVERSION = YES;
				CLANG_WARN_OBJC_ROOT_CLASS = YES_ERROR;
				CLANG_WARN_RANGE_LOOP_ANALYSIS = YES;
				CLANG_WARN_STRICT_PROTOTYPES = YES;
				CLANG_WARN_SUSPICIOUS_MOVE = YES;
				CLANG_WARN_UNGUARDED_AVAILABILITY = YES_AGGRESSIVE;
				CLANG_WARN_UNREACHABLE_CODE = YES;
				CLANG_WARN__DUPLICATE_METHOD_MATCH = YES;
				CODE_SIGN_IDENTITY = "iPhone Developer";
				COPY_PHASE_STRIP = NO;
				DEBUG_INFORMATION_FORMAT = "dwarf-with-dsym";
				ENABLE_NS_ASSERTIONS = NO;
				ENABLE_STRICT_OBJC_MSGSEND = YES;
				GCC_C_LANGUAGE_STANDARD = gnu11;
				GCC_NO_COMMON_BLOCKS = YES;
				GCC_WARN_64_TO_32_BIT_CONVERSION = YES;
				GCC_WARN_ABOUT_RETURN_TYPE = YES_ERROR;
				GCC_WARN_UNDECLARED_SELECTOR = YES;
				GCC_WARN_UNINITIALIZED_AUTOS = YES_AGGRESSIVE;
				GCC_WARN_UNUSED_FUNCTION = YES;
				GCC_WARN_UNUSED_VARIABLE = YES;
				IPHONEOS_DEPLOYMENT_TARGET = 11.2;
				MTL_ENABLE_DEBUG_INFO = NO;
				SDKROOT = iphoneos;
				SWIFT_OPTIMIZATION_LEVEL = "-Owholemodule";
				VALIDATE_PRODUCT = YES;
			};
			name = Release;
		};
		7A4BB2FF223FF703000D6188 /* Debug */ = {
			isa = XCBuildConfiguration;
			buildSettings = {
				ASSETCATALOG_COMPILER_APPICON_NAME = AppIcon;
				CODE_SIGN_STYLE = Automatic;
				INFOPLIST_FILE = HomePwner/Info.plist;
				LD_RUNPATH_SEARCH_PATHS = "$(inherited) @executable_path/Frameworks";
				PRODUCT_BUNDLE_IDENTIFIER = HPU.HomePwner;
				PRODUCT_NAME = "$(TARGET_NAME)";
				SWIFT_VERSION = 4.0;
				TARGETED_DEVICE_FAMILY = "1,2";
			};
			name = Debug;
		};
		7A4BB300223FF703000D6188 /* Release */ = {
			isa = XCBuildConfiguration;
			buildSettings = {
				ASSETCATALOG_COMPILER_APPICON_NAME = AppIcon;
				CODE_SIGN_STYLE = Automatic;
				INFOPLIST_FILE = HomePwner/Info.plist;
				LD_RUNPATH_SEARCH_PATHS = "$(inherited) @executable_path/Frameworks";
				PRODUCT_BUNDLE_IDENTIFIER = HPU.HomePwner;
				PRODUCT_NAME = "$(TARGET_NAME)";
				SWIFT_VERSION = 4.0;
				TARGETED_DEVICE_FAMILY = "1,2";
			};
			name = Release;
		};
/* End XCBuildConfiguration section */

/* Begin XCConfigurationList section */
		7A4BB2E7223FF703000D6188 /* Build configuration list for PBXProject "HomePwner" */ = {
			isa = XCConfigurationList;
			buildConfigurations = (
				7A4BB2FC223FF703000D6188 /* Debug */,
				7A4BB2FD223FF703000D6188 /* Release */,
			);
			defaultConfigurationIsVisible = 0;
			defaultConfigurationName = Release;
		};
		7A4BB2FE223FF703000D6188 /* Build configuration list for PBXNativeTarget "HomePwner" */ = {
			isa = XCConfigurationList;
			buildConfigurations = (
				7A4BB2FF223FF703000D6188 /* Debug */,
				7A4BB300223FF703000D6188 /* Release */,
			);
			defaultConfigurationIsVisible = 0;
			defaultConfigurationName = Release;
		};
/* End XCConfigurationList section */
	};
	rootObject = 7A4BB2E4223FF703000D6188 /* Project object */;
}
